
Microsoft Visual Studio Solution File, Format Version 12.00
# Visual Studio 14
VisualStudioVersion = 14.0.25420.1
MinimumVisualStudioVersion = 10.0.40219.1
Project("{FAE04EC0-301F-11D3-BF4B-00C04F79EFBC}") = "ScripturePublishingEntity", "ScripturePublishingEntity\ScripturePublishingEntity.csproj", "{F4D79EB3-473B-4685-8F31-EDD1F7FD1012}"
EndProject
Project("{FAE04EC0-301F-11D3-BF4B-00C04F79EFBC}") = "ScripturePublishing", "ScripturePublishing\ScripturePublishing.csproj", "{5BB98D1C-8A8A-43A3-9908-8D66F7F2A12B}"
EndProject
Global
	GlobalSection(SolutionConfigurationPlatforms) = preSolution
		Debug|Any CPU = Debug|Any CPU
		Release|Any CPU = Release|Any CPU
	EndGlobalSection
	GlobalSection(ProjectConfigurationPlatforms) = postSolution
		{F4D79EB3-473B-4685-8F31-EDD1F7FD1012}.Debug|Any CPU.ActiveCfg = Debug|Any CPU
		{F4D79EB3-473B-4685-8F31-EDD1F7FD1012}.Debug|Any CPU.Build.0 = Debug|Any CPU
		{F4D79EB3-473B-4685-8F31-EDD1F7FD1012}.Release|Any CPU.ActiveCfg = Release|Any CPU
		{F4D79EB3-473B-4685-8F31-EDD1F7FD1012}.Release|Any CPU.Build.0 = Release|Any CPU
		{5BB98D1C-8A8A-43A3-9908-8D66F7F2A12B}.Debug|Any CPU.ActiveCfg = Debug|Any CPU
		{5BB98D1C-8A8A-43A3-9908-8D66F7F2A12B}.Debug|Any CPU.Build.0 = Debug|Any CPU
		{5BB98D1C-8A8A-43A3-9908-8D66F7F2A12B}.Release|Any CPU.ActiveCfg = Release|Any CPU
		{5BB98D1C-8A8A-43A3-9908-8D66F7F2A12B}.Release|Any CPU.Build.0 = Release|Any CPU
	EndGlobalSection
	GlobalSection(SolutionProperties) = preSolution
		HideSolutionNode = FALSE
	EndGlobalSection
EndGlobal
